
Microsoft Visual Studio Solution File, Format Version 12.00
# Visual Studio Version 16
VisualStudioVersion = 16.0.31624.102
MinimumVisualStudioVersion = 10.0.40219.1
Project("{FAE04EC0-301F-11D3-BF4B-00C04F79EFBC}") = "DPS", "DPS\DPS.csproj", "{756A3F8F-5AFF-4C2D-B44F-AFFF4D19C13C}"
EndProject
Global
	GlobalSection(SolutionConfigurationPlatforms) = preSolution
		Debug|Any CPU = Debug|Any CPU
		Release|Any CPU = Release|Any CPU
	EndGlobalSection
	GlobalSection(ProjectConfigurationPlatforms) = postSolution
		{756A3F8F-5AFF-4C2D-B44F-AFFF4D19C13C}.Debug|Any CPU.ActiveCfg = Debug|Any CPU
		{756A3F8F-5AFF-4C2D-B44F-AFFF4D19C13C}.Debug|Any CPU.Build.0 = Debug|Any CPU
		{756A3F8F-5AFF-4C2D-B44F-AFFF4D19C13C}.Release|Any CPU.ActiveCfg = Release|Any CPU
		{756A3F8F-5AFF-4C2D-B44F-AFFF4D19C13C}.Release|Any CPU.Build.0 = Release|Any CPU
	EndGlobalSection
	GlobalSection(SolutionProperties) = preSolution
		HideSolutionNode = FALSE
	EndGlobalSection
	GlobalSection(ExtensibilityGlobals) = postSolution
		SolutionGuid = {A7FB9B53-2BDD-48F2-A762-9BEFFA1CAC07}
	EndGlobalSection
EndGlobal
